
Microsoft Visual Studio Solution File, Format Version 12.00
# Visual Studio 14
VisualStudioVersion = 14.0.24720.0
MinimumVisualStudioVersion = 10.0.40219.1
Project("{FAE04EC0-301F-11D3-BF4B-00C04F79EFBC}") = "InTheHand.Forms.Maps.Platform.WinRT", "InTheHand.Forms.Maps.Platform.WinRT\InTheHand.Forms.Maps.Platform.WinRT.csproj", "{ABD71EE8-1048-4898-B3A9-986DB510A8D1}"
EndProject
Project("{FAE04EC0-301F-11D3-BF4B-00C04F79EFBC}") = "MapsTest", "MapsTest\MapsTest\MapsTest.csproj", "{E25E9837-61F0-4FA6-A305-C6BB5DDEC4A8}"
EndProject
Project("{FAE04EC0-301F-11D3-BF4B-00C04F79EFBC}") = "MapsTest.iOS", "MapsTest\MapsTest.iOS\MapsTest.iOS.csproj", "{73AC1200-1189-4E07-8ED4-EF584F9CD2A6}"
EndProject
Project("{FAE04EC0-301F-11D3-BF4B-00C04F79EFBC}") = "MapsTest.Droid", "MapsTest\MapsTest.Droid\MapsTest.Droid.csproj", "{AA76E563-9DC9-41B0-870A-43B4EB29ED75}"
EndProject
Project("{FAE04EC0-301F-11D3-BF4B-00C04F79EFBC}") = "MapsTest.WinPhone", "MapsTest\MapsTest.WinPhone\MapsTest.WinPhone.csproj", "{3FE32022-96D6-4F62-A081-96B1E6E82E2B}"
EndProject
Project("{FAE04EC0-301F-11D3-BF4B-00C04F79EFBC}") = "MapsTest.WinRT", "MapsTest\MapsTest.WinRT\MapsTest.WinRT.csproj", "{B08D854C-EE39-4F89-AB4E-D5322AF4AF28}"
EndProject
Project("{FAE04EC0-301F-11D3-BF4B-00C04F79EFBC}") = "InTheHand.Forms.Maps.Platform.Win81", "InTheHand.Forms.Maps.Platform.Win81\InTheHand.Forms.Maps.Platform.Win81.csproj", "{77E7DF9E-9AA5-448F-BF90-20BAF3AC4282}"
EndProject
Project("{FAE04EC0-301F-11D3-BF4B-00C04F79EFBC}") = "MapsTest.win81", "MapsTest\MapsTest.win81\MapsTest.win81.csproj", "{7487EB9D-DA1E-413D-A8EF-1262E167A523}"
EndProject
Project("{FAE04EC0-301F-11D3-BF4B-00C04F79EFBC}") = "InTheHand.Forms.Maps.Platform.UWP", "InTheHand.Forms.Maps.Platform.Uwp\InTheHand.Forms.Maps.Platform.UWP.csproj", "{04E4BB26-6C8E-4AAE-92E4-0EA6F7D1CCD1}"
EndProject
Project("{FAE04EC0-301F-11D3-BF4B-00C04F79EFBC}") = "MapsTest.UWP", "MapsTest\MapsTest.UWP\MapsTest.UWP.csproj", "{0CC09DB9-1A0D-465B-9210-B2DDBAE7A4B4}"
EndProject
Project("{2150E333-8FDC-42A3-9474-1A3956D46DE8}") = "Solution Items", "Solution Items", "{6CACEA7F-C4B6-4441-99A9-2B8037BF2774}"
	ProjectSection(SolutionItems) = preProject
		License.txt = License.txt
	EndProjectSection
EndProject
Global
	GlobalSection(SolutionConfigurationPlatforms) = preSolution
		Ad-Hoc|Any CPU = Ad-Hoc|Any CPU
		Ad-Hoc|ARM = Ad-Hoc|ARM
		Ad-Hoc|iPhone = Ad-Hoc|iPhone
		Ad-Hoc|iPhoneSimulator = Ad-Hoc|iPhoneSimulator
		Ad-Hoc|x64 = Ad-Hoc|x64
		Ad-Hoc|x86 = Ad-Hoc|x86
		AppStore|Any CPU = AppStore|Any CPU
		AppStore|ARM = AppStore|ARM
		AppStore|iPhone = AppStore|iPhone
		AppStore|iPhoneSimulator = AppStore|iPhoneSimulator
		AppStore|x64 = AppStore|x64
		AppStore|x86 = AppStore|x86
		Debug|Any CPU = Debug|Any CPU
		Debug|ARM = Debug|ARM
		Debug|iPhone = Debug|iPhone
		Debug|iPhoneSimulator = Debug|iPhoneSimulator
		Debug|x64 = Debug|x64
		Debug|x86 = Debug|x86
		Release|Any CPU = Release|Any CPU
		Release|ARM = Release|ARM
		Release|iPhone = Release|iPhone
		Release|iPhoneSimulator = Release|iPhoneSimulator
		Release|x64 = Release|x64
		Release|x86 = Release|x86
	EndGlobalSection
	GlobalSection(ProjectConfigurationPlatforms) = postSolution
		{ABD71EE8-1048-4898-B3A9-986DB510A8D1}.Ad-Hoc|Any CPU.ActiveCfg = Release|Any CPU
		{ABD71EE8-1048-4898-B3A9-986DB510A8D1}.Ad-Hoc|Any CPU.Build.0 = Release|Any CPU
		{ABD71EE8-1048-4898-B3A9-986DB510A8D1}.Ad-Hoc|ARM.ActiveCfg = Release|Any CPU
		{ABD71EE8-1048-4898-B3A9-986DB510A8D1}.Ad-Hoc|ARM.Build.0 = Release|Any CPU
		{ABD71EE8-1048-4898-B3A9-986DB510A8D1}.Ad-Hoc|iPhone.ActiveCfg = Release|Any CPU
		{ABD71EE8-1048-4898-B3A9-986DB510A8D1}.Ad-Hoc|iPhone.Build.0 = Release|Any CPU
		{ABD71EE8-1048-4898-B3A9-986DB510A8D1}.Ad-Hoc|iPhoneSimulator.ActiveCfg = Release|Any CPU
		{ABD71EE8-1048-4898-B3A9-986DB510A8D1}.Ad-Hoc|iPhoneSimulator.Build.0 = Release|Any CPU
		{ABD71EE8-1048-4898-B3A9-986DB510A8D1}.Ad-Hoc|x64.ActiveCfg = Debug|Any CPU
		{ABD71EE8-1048-4898-B3A9-986DB510A8D1}.Ad-Hoc|x64.Build.0 = Debug|Any CPU
		{ABD71EE8-1048-4898-B3A9-986DB510A8D1}.Ad-Hoc|x86.ActiveCfg = Release|Any CPU
		{ABD71EE8-1048-4898-B3A9-986DB510A8D1}.Ad-Hoc|x86.Build.0 = Release|Any CPU
		{ABD71EE8-1048-4898-B3A9-986DB510A8D1}.AppStore|Any CPU.ActiveCfg = Release|Any CPU
		{ABD71EE8-1048-4898-B3A9-986DB510A8D1}.AppStore|Any CPU.Build.0 = Release|Any CPU
		{ABD71EE8-1048-4898-B3A9-986DB510A8D1}.AppStore|ARM.ActiveCfg = Release|Any CPU
		{ABD71EE8-1048-4898-B3A9-986DB510A8D1}.AppStore|ARM.Build.0 = Release|Any CPU
		{ABD71EE8-1048-4898-B3A9-986DB510A8D1}.AppStore|iPhone.ActiveCfg = Release|Any CPU
		{ABD71EE8-1048-4898-B3A9-986DB510A8D1}.AppStore|iPhone.Build.0 = Release|Any CPU
		{ABD71EE8-1048-4898-B3A9-986DB510A8D1}.AppStore|iPhoneSimulator.ActiveCfg = Release|Any CPU
		{ABD71EE8-1048-4898-B3A9-986DB510A8D1}.AppStore|iPhoneSimulator.Build.0 = Release|Any CPU
		{ABD71EE8-1048-4898-B3A9-986DB510A8D1}.AppStore|x64.ActiveCfg = Debug|Any CPU
		{ABD71EE8-1048-4898-B3A9-986DB510A8D1}.AppStore|x64.Build.0 = Debug|Any CPU
		{ABD71EE8-1048-4898-B3A9-986DB510A8D1}.AppStore|x86.ActiveCfg = Release|Any CPU
		{ABD71EE8-1048-4898-B3A9-986DB510A8D1}.AppStore|x86.Build.0 = Release|Any CPU
		{ABD71EE8-1048-4898-B3A9-986DB510A8D1}.Debug|Any CPU.ActiveCfg = Debug|Any CPU
		{ABD71EE8-1048-4898-B3A9-986DB510A8D1}.Debug|Any CPU.Build.0 = Debug|Any CPU
		{ABD71EE8-1048-4898-B3A9-986DB510A8D1}.Debug|ARM.ActiveCfg = Debug|Any CPU
		{ABD71EE8-1048-4898-B3A9-986DB510A8D1}.Debug|ARM.Build.0 = Debug|Any CPU
		{ABD71EE8-1048-4898-B3A9-986DB510A8D1}.Debug|iPhone.ActiveCfg = Debug|Any CPU
		{ABD71EE8-1048-4898-B3A9-986DB510A8D1}.Debug|iPhone.Build.0 = Debug|Any CPU
		{ABD71EE8-1048-4898-B3A9-986DB510A8D1}.Debug|iPhoneSimulator.ActiveCfg = Debug|Any CPU
		{ABD71EE8-1048-4898-B3A9-986DB510A8D1}.Debug|iPhoneSimulator.Build.0 = Debug|Any CPU
		{ABD71EE8-1048-4898-B3A9-986DB510A8D1}.Debug|x64.ActiveCfg = Debug|Any CPU
		{ABD71EE8-1048-4898-B3A9-986DB510A8D1}.Debug|x64.Build.0 = Debug|Any CPU
		{ABD71EE8-1048-4898-B3A9-986DB510A8D1}.Debug|x86.ActiveCfg = Debug|Any CPU
		{ABD71EE8-1048-4898-B3A9-986DB510A8D1}.Debug|x86.Build.0 = Debug|Any CPU
		{ABD71EE8-1048-4898-B3A9-986DB510A8D1}.Release|Any CPU.ActiveCfg = Release|Any CPU
		{ABD71EE8-1048-4898-B3A9-986DB510A8D1}.Release|Any CPU.Build.0 = Release|Any CPU
		{ABD71EE8-1048-4898-B3A9-986DB510A8D1}.Release|ARM.ActiveCfg = Release|Any CPU
		{ABD71EE8-1048-4898-B3A9-986DB510A8D1}.Release|iPhone.ActiveCfg = Release|Any CPU
		{ABD71EE8-1048-4898-B3A9-986DB510A8D1}.Release|iPhone.Build.0 = Release|Any CPU
		{ABD71EE8-1048-4898-B3A9-986DB510A8D1}.Release|iPhoneSimulator.ActiveCfg = Release|Any CPU
		{ABD71EE8-1048-4898-B3A9-986DB510A8D1}.Release|iPhoneSimulator.Build.0 = Release|Any CPU
		{ABD71EE8-1048-4898-B3A9-986DB510A8D1}.Release|x64.ActiveCfg = Release|Any CPU
		{ABD71EE8-1048-4898-B3A9-986DB510A8D1}.Release|x64.Build.0 = Release|Any CPU
		{ABD71EE8-1048-4898-B3A9-986DB510A8D1}.Release|x86.ActiveCfg = Release|Any CPU
		{ABD71EE8-1048-4898-B3A9-986DB510A8D1}.Release|x86.Build.0 = Release|Any CPU
		{E25E9837-61F0-4FA6-A305-C6BB5DDEC4A8}.Ad-Hoc|Any CPU.ActiveCfg = Release|Any CPU
		{E25E9837-61F0-4FA6-A305-C6BB5DDEC4A8}.Ad-Hoc|Any CPU.Build.0 = Release|Any CPU
		{E25E9837-61F0-4FA6-A305-C6BB5DDEC4A8}.Ad-Hoc|ARM.ActiveCfg = Release|Any CPU
		{E25E9837-61F0-4FA6-A305-C6BB5DDEC4A8}.Ad-Hoc|ARM.Build.0 = Release|Any CPU
		{E25E9837-61F0-4FA6-A305-C6BB5DDEC4A8}.Ad-Hoc|iPhone.ActiveCfg = Release|Any CPU
		{E25E9837-61F0-4FA6-A305-C6BB5DDEC4A8}.Ad-Hoc|iPhone.Build.0 = Release|Any CPU
		{E25E9837-61F0-4FA6-A305-C6BB5DDEC4A8}.Ad-Hoc|iPhoneSimulator.ActiveCfg = Release|Any CPU
		{E25E9837-61F0-4FA6-A305-C6BB5DDEC4A8}.Ad-Hoc|iPhoneSimulator.Build.0 = Release|Any CPU
		{E25E9837-61F0-4FA6-A305-C6BB5DDEC4A8}.Ad-Hoc|x64.ActiveCfg = Debug|Any CPU
		{E25E9837-61F0-4FA6-A305-C6BB5DDEC4A8}.Ad-Hoc|x64.Build.0 = Debug|Any CPU
		{E25E9837-61F0-4FA6-A305-C6BB5DDEC4A8}.Ad-Hoc|x86.ActiveCfg = Release|Any CPU
		{E25E9837-61F0-4FA6-A305-C6BB5DDEC4A8}.Ad-Hoc|x86.Build.0 = Release|Any CPU
		{E25E9837-61F0-4FA6-A305-C6BB5DDEC4A8}.AppStore|Any CPU.ActiveCfg = Release|Any CPU
		{E25E9837-61F0-4FA6-A305-C6BB5DDEC4A8}.AppStore|Any CPU.Build.0 = Release|Any CPU
		{E25E9837-61F0-4FA6-A305-C6BB5DDEC4A8}.AppStore|ARM.ActiveCfg = Release|Any CPU
		{E25E9837-61F0-4FA6-A305-C6BB5DDEC4A8}.AppStore|ARM.Build.0 = Release|Any CPU
		{E25E9837-61F0-4FA6-A305-C6BB5DDEC4A8}.AppStore|iPhone.ActiveCfg = Release|Any CPU
		{E25E9837-61F0-4FA6-A305-C6BB5DDEC4A8}.AppStore|iPhone.Build.0 = Release|Any CPU
		{E25E9837-61F0-4FA6-A305-C6BB5DDEC4A8}.AppStore|iPhoneSimulator.ActiveCfg = Release|Any CPU
		{E25E9837-61F0-4FA6-A305-C6BB5DDEC4A8}.AppStore|iPhoneSimulator.Build.0 = Release|Any CPU
		{E25E9837-61F0-4FA6-A305-C6BB5DDEC4A8}.AppStore|x64.ActiveCfg = Debug|Any CPU
		{E25E9837-61F0-4FA6-A305-C6BB5DDEC4A8}.AppStore|x64.Build.0 = Debug|Any CPU
		{E25E9837-61F0-4FA6-A305-C6BB5DDEC4A8}.AppStore|x86.ActiveCfg = Release|Any CPU
		{E25E9837-61F0-4FA6-A305-C6BB5DDEC4A8}.AppStore|x86.Build.0 = Release|Any CPU
		{E25E9837-61F0-4FA6-A305-C6BB5DDEC4A8}.Debug|Any CPU.ActiveCfg = Debug|Any CPU
		{E25E9837-61F0-4FA6-A305-C6BB5DDEC4A8}.Debug|Any CPU.Build.0 = Debug|Any CPU
		{E25E9837-61F0-4FA6-A305-C6BB5DDEC4A8}.Debug|ARM.ActiveCfg = Debug|Any CPU
		{E25E9837-61F0-4FA6-A305-C6BB5DDEC4A8}.Debug|ARM.Build.0 = Debug|Any CPU
		{E25E9837-61F0-4FA6-A305-C6BB5DDEC4A8}.Debug|iPhone.ActiveCfg = Debug|Any CPU
		{E25E9837-61F0-4FA6-A305-C6BB5DDEC4A8}.Debug|iPhone.Build.0 = Debug|Any CPU
		{E25E9837-61F0-4FA6-A305-C6BB5DDEC4A8}.Debug|iPhoneSimulator.ActiveCfg = Debug|Any CPU
		{E25E9837-61F0-4FA6-A305-C6BB5DDEC4A8}.Debug|iPhoneSimulator.Build.0 = Debug|Any CPU
		{E25E9837-61F0-4FA6-A305-C6BB5DDEC4A8}.Debug|x64.ActiveCfg = Debug|Any CPU
		{E25E9837-61F0-4FA6-A305-C6BB5DDEC4A8}.Debug|x64.Build.0 = Debug|Any CPU
		{E25E9837-61F0-4FA6-A305-C6BB5DDEC4A8}.Debug|x86.ActiveCfg = Debug|Any CPU
		{E25E9837-61F0-4FA6-A305-C6BB5DDEC4A8}.Debug|x86.Build.0 = Debug|Any CPU
		{E25E9837-61F0-4FA6-A305-C6BB5DDEC4A8}.Release|Any CPU.ActiveCfg = Release|Any CPU
		{E25E9837-61F0-4FA6-A305-C6BB5DDEC4A8}.Release|Any CPU.Build.0 = Release|Any CPU
		{E25E9837-61F0-4FA6-A305-C6BB5DDEC4A8}.Release|ARM.ActiveCfg = Release|Any CPU
		{E25E9837-61F0-4FA6-A305-C6BB5DDEC4A8}.Release|iPhone.ActiveCfg = Release|Any CPU
		{E25E9837-61F0-4FA6-A305-C6BB5DDEC4A8}.Release|iPhone.Build.0 = Release|Any CPU
		{E25E9837-61F0-4FA6-A305-C6BB5DDEC4A8}.Release|iPhoneSimulator.ActiveCfg = Release|Any CPU
		{E25E9837-61F0-4FA6-A305-C6BB5DDEC4A8}.Release|iPhoneSimulator.Build.0 = Release|Any CPU
		{E25E9837-61F0-4FA6-A305-C6BB5DDEC4A8}.Release|x64.ActiveCfg = Release|Any CPU
		{E25E9837-61F0-4FA6-A305-C6BB5DDEC4A8}.Release|x86.ActiveCfg = Release|Any CPU
		{73AC1200-1189-4E07-8ED4-EF584F9CD2A6}.Ad-Hoc|Any CPU.ActiveCfg = Ad-Hoc|iPhone
		{73AC1200-1189-4E07-8ED4-EF584F9CD2A6}.Ad-Hoc|ARM.ActiveCfg = Ad-Hoc|iPhone
		{73AC1200-1189-4E07-8ED4-EF584F9CD2A6}.Ad-Hoc|iPhone.ActiveCfg = Ad-Hoc|iPhone
		{73AC1200-1189-4E07-8ED4-EF584F9CD2A6}.Ad-Hoc|iPhone.Build.0 = Ad-Hoc|iPhone
		{73AC1200-1189-4E07-8ED4-EF584F9CD2A6}.Ad-Hoc|iPhoneSimulator.ActiveCfg = Ad-Hoc|iPhoneSimulator
		{73AC1200-1189-4E07-8ED4-EF584F9CD2A6}.Ad-Hoc|iPhoneSimulator.Build.0 = Ad-Hoc|iPhoneSimulator
		{73AC1200-1189-4E07-8ED4-EF584F9CD2A6}.Ad-Hoc|x64.ActiveCfg = Ad-Hoc|iPhoneSimulator
		{73AC1200-1189-4E07-8ED4-EF584F9CD2A6}.Ad-Hoc|x86.ActiveCfg = Ad-Hoc|iPhone
		{73AC1200-1189-4E07-8ED4-EF584F9CD2A6}.AppStore|Any CPU.ActiveCfg = AppStore|iPhone
		{73AC1200-1189-4E07-8ED4-EF584F9CD2A6}.AppStore|ARM.ActiveCfg = AppStore|iPhone
		{73AC1200-1189-4E07-8ED4-EF584F9CD2A6}.AppStore|iPhone.ActiveCfg = AppStore|iPhone
		{73AC1200-1189-4E07-8ED4-EF584F9CD2A6}.AppStore|iPhone.Build.0 = AppStore|iPhone
		{73AC1200-1189-4E07-8ED4-EF584F9CD2A6}.AppStore|iPhoneSimulator.ActiveCfg = AppStore|iPhoneSimulator
		{73AC1200-1189-4E07-8ED4-EF584F9CD2A6}.AppStore|iPhoneSimulator.Build.0 = AppStore|iPhoneSimulator
		{73AC1200-1189-4E07-8ED4-EF584F9CD2A6}.AppStore|x64.ActiveCfg = AppStore|iPhoneSimulator
		{73AC1200-1189-4E07-8ED4-EF584F9CD2A6}.AppStore|x86.ActiveCfg = AppStore|iPhone
		{73AC1200-1189-4E07-8ED4-EF584F9CD2A6}.Debug|Any CPU.ActiveCfg = Debug|iPhone
		{73AC1200-1189-4E07-8ED4-EF584F9CD2A6}.Debug|ARM.ActiveCfg = Debug|iPhone
		{73AC1200-1189-4E07-8ED4-EF584F9CD2A6}.Debug|iPhone.ActiveCfg = Debug|iPhone
		{73AC1200-1189-4E07-8ED4-EF584F9CD2A6}.Debug|iPhone.Build.0 = Debug|iPhone
		{73AC1200-1189-4E07-8ED4-EF584F9CD2A6}.Debug|iPhoneSimulator.ActiveCfg = Debug|iPhoneSimulator
		{73AC1200-1189-4E07-8ED4-EF584F9CD2A6}.Debug|iPhoneSimulator.Build.0 = Debug|iPhoneSimulator
		{73AC1200-1189-4E07-8ED4-EF584F9CD2A6}.Debug|x64.ActiveCfg = Debug|iPhoneSimulator
		{73AC1200-1189-4E07-8ED4-EF584F9CD2A6}.Debug|x86.ActiveCfg = Debug|iPhone
		{73AC1200-1189-4E07-8ED4-EF584F9CD2A6}.Release|Any CPU.ActiveCfg = Release|iPhone
		{73AC1200-1189-4E07-8ED4-EF584F9CD2A6}.Release|ARM.ActiveCfg = Release|iPhone
		{73AC1200-1189-4E07-8ED4-EF584F9CD2A6}.Release|iPhone.ActiveCfg = Release|iPhone
		{73AC1200-1189-4E07-8ED4-EF584F9CD2A6}.Release|iPhone.Build.0 = Release|iPhone
		{73AC1200-1189-4E07-8ED4-EF584F9CD2A6}.Release|iPhoneSimulator.ActiveCfg = Release|iPhoneSimulator
		{73AC1200-1189-4E07-8ED4-EF584F9CD2A6}.Release|iPhoneSimulator.Build.0 = Release|iPhoneSimulator
		{73AC1200-1189-4E07-8ED4-EF584F9CD2A6}.Release|x64.ActiveCfg = Release|iPhoneSimulator
		{73AC1200-1189-4E07-8ED4-EF584F9CD2A6}.Release|x86.ActiveCfg = Release|iPhone
		{AA76E563-9DC9-41B0-870A-43B4EB29ED75}.Ad-Hoc|Any CPU.ActiveCfg = Release|Any CPU
		{AA76E563-9DC9-41B0-870A-43B4EB29ED75}.Ad-Hoc|Any CPU.Build.0 = Release|Any CPU
		{AA76E563-9DC9-41B0-870A-43B4EB29ED75}.Ad-Hoc|Any CPU.Deploy.0 = Release|Any CPU
		{AA76E563-9DC9-41B0-870A-43B4EB29ED75}.Ad-Hoc|ARM.ActiveCfg = Release|Any CPU
		{AA76E563-9DC9-41B0-870A-43B4EB29ED75}.Ad-Hoc|ARM.Build.0 = Release|Any CPU
		{AA76E563-9DC9-41B0-870A-43B4EB29ED75}.Ad-Hoc|ARM.Deploy.0 = Release|Any CPU
		{AA76E563-9DC9-41B0-870A-43B4EB29ED75}.Ad-Hoc|iPhone.ActiveCfg = Release|Any CPU
		{AA76E563-9DC9-41B0-870A-43B4EB29ED75}.Ad-Hoc|iPhone.Build.0 = Release|Any CPU
		{AA76E563-9DC9-41B0-870A-43B4EB29ED75}.Ad-Hoc|iPhone.Deploy.0 = Release|Any CPU
		{AA76E563-9DC9-41B0-870A-43B4EB29ED75}.Ad-Hoc|iPhoneSimulator.ActiveCfg = Release|Any CPU
		{AA76E563-9DC9-41B0-870A-43B4EB29ED75}.Ad-Hoc|iPhoneSimulator.Build.0 = Release|Any CPU
		{AA76E563-9DC9-41B0-870A-43B4EB29ED75}.Ad-Hoc|iPhoneSimulator.Deploy.0 = Release|Any CPU
		{AA76E563-9DC9-41B0-870A-43B4EB29ED75}.Ad-Hoc|x64.ActiveCfg = Debug|Any CPU
		{AA76E563-9DC9-41B0-870A-43B4EB29ED75}.Ad-Hoc|x64.Build.0 = Debug|Any CPU
		{AA76E563-9DC9-41B0-870A-43B4EB29ED75}.Ad-Hoc|x64.Deploy.0 = Debug|Any CPU
		{AA76E563-9DC9-41B0-870A-43B4EB29ED75}.Ad-Hoc|x86.ActiveCfg = Release|Any CPU
		{AA76E563-9DC9-41B0-870A-43B4EB29ED75}.Ad-Hoc|x86.Build.0 = Release|Any CPU
		{AA76E563-9DC9-41B0-870A-43B4EB29ED75}.Ad-Hoc|x86.Deploy.0 = Release|Any CPU
		{AA76E563-9DC9-41B0-870A-43B4EB29ED75}.AppStore|Any CPU.ActiveCfg = Release|Any CPU
		{AA76E563-9DC9-41B0-870A-43B4EB29ED75}.AppStore|Any CPU.Build.0 = Release|Any CPU
		{AA76E563-9DC9-41B0-870A-43B4EB29ED75}.AppStore|Any CPU.Deploy.0 = Release|Any CPU
		{AA76E563-9DC9-41B0-870A-43B4EB29ED75}.AppStore|ARM.ActiveCfg = Release|Any CPU
		{AA76E563-9DC9-41B0-870A-43B4EB29ED75}.AppStore|ARM.Build.0 = Release|Any CPU
		{AA76E563-9DC9-41B0-870A-43B4EB29ED75}.AppStore|ARM.Deploy.0 = Release|Any CPU
		{AA76E563-9DC9-41B0-870A-43B4EB29ED75}.AppStore|iPhone.ActiveCfg = Release|Any CPU
		{AA76E563-9DC9-41B0-870A-43B4EB29ED75}.AppStore|iPhone.Build.0 = Release|Any CPU
		{AA76E563-9DC9-41B0-870A-43B4EB29ED75}.AppStore|iPhone.Deploy.0 = Release|Any CPU
		{AA76E563-9DC9-41B0-870A-43B4EB29ED75}.AppStore|iPhoneSimulator.ActiveCfg = Release|Any CPU
		{AA76E563-9DC9-41B0-870A-43B4EB29ED75}.AppStore|iPhoneSimulator.Build.0 = Release|Any CPU
		{AA76E563-9DC9-41B0-870A-43B4EB29ED75}.AppStore|iPhoneSimulator.Deploy.0 = Release|Any CPU
		{AA76E563-9DC9-41B0-870A-43B4EB29ED75}.AppStore|x64.ActiveCfg = Debug|Any CPU
		{AA76E563-9DC9-41B0-870A-43B4EB29ED75}.AppStore|x64.Build.0 = Debug|Any CPU
		{AA76E563-9DC9-41B0-870A-43B4EB29ED75}.AppStore|x64.Deploy.0 = Debug|Any CPU
		{AA76E563-9DC9-41B0-870A-43B4EB29ED75}.AppStore|x86.ActiveCfg = Release|Any CPU
		{AA76E563-9DC9-41B0-870A-43B4EB29ED75}.AppStore|x86.Build.0 = Release|Any CPU
		{AA76E563-9DC9-41B0-870A-43B4EB29ED75}.AppStore|x86.Deploy.0 = Release|Any CPU
		{AA76E563-9DC9-41B0-870A-43B4EB29ED75}.Debug|Any CPU.ActiveCfg = Debug|Any CPU
		{AA76E563-9DC9-41B0-870A-43B4EB29ED75}.Debug|Any CPU.Build.0 = Debug|Any CPU
		{AA76E563-9DC9-41B0-870A-43B4EB29ED75}.Debug|Any CPU.Deploy.0 = Debug|Any CPU
		{AA76E563-9DC9-41B0-870A-43B4EB29ED75}.Debug|ARM.ActiveCfg = Debug|Any CPU
		{AA76E563-9DC9-41B0-870A-43B4EB29ED75}.Debug|ARM.Build.0 = Debug|Any CPU
		{AA76E563-9DC9-41B0-870A-43B4EB29ED75}.Debug|ARM.Deploy.0 = Debug|Any CPU
		{AA76E563-9DC9-41B0-870A-43B4EB29ED75}.Debug|iPhone.ActiveCfg = Debug|Any CPU
		{AA76E563-9DC9-41B0-870A-43B4EB29ED75}.Debug|iPhone.Build.0 = Debug|Any CPU
		{AA76E563-9DC9-41B0-870A-43B4EB29ED75}.Debug|iPhone.Deploy.0 = Debug|Any CPU
		{AA76E563-9DC9-41B0-870A-43B4EB29ED75}.Debug|iPhoneSimulator.ActiveCfg = Debug|Any CPU
		{AA76E563-9DC9-41B0-870A-43B4EB29ED75}.Debug|iPhoneSimulator.Build.0 = Debug|Any CPU
		{AA76E563-9DC9-41B0-870A-43B4EB29ED75}.Debug|iPhoneSimulator.Deploy.0 = Debug|Any CPU
		{AA76E563-9DC9-41B0-870A-43B4EB29ED75}.Debug|x64.ActiveCfg = Debug|Any CPU
		{AA76E563-9DC9-41B0-870A-43B4EB29ED75}.Debug|x64.Build.0 = Debug|Any CPU
		{AA76E563-9DC9-41B0-870A-43B4EB29ED75}.Debug|x64.Deploy.0 = Debug|Any CPU
		{AA76E563-9DC9-41B0-870A-43B4EB29ED75}.Debug|x86.ActiveCfg = Debug|Any CPU
		{AA76E563-9DC9-41B0-870A-43B4EB29ED75}.Debug|x86.Build.0 = Debug|Any CPU
		{AA76E563-9DC9-41B0-870A-43B4EB29ED75}.Debug|x86.Deploy.0 = Debug|Any CPU
		{AA76E563-9DC9-41B0-870A-43B4EB29ED75}.Release|Any CPU.ActiveCfg = Release|Any CPU
		{AA76E563-9DC9-41B0-870A-43B4EB29ED75}.Release|Any CPU.Build.0 = Release|Any CPU
		{AA76E563-9DC9-41B0-870A-43B4EB29ED75}.Release|Any CPU.Deploy.0 = Release|Any CPU
		{AA76E563-9DC9-41B0-870A-43B4EB29ED75}.Release|ARM.ActiveCfg = Release|Any CPU
		{AA76E563-9DC9-41B0-870A-43B4EB29ED75}.Release|iPhone.ActiveCfg = Release|Any CPU
		{AA76E563-9DC9-41B0-870A-43B4EB29ED75}.Release|iPhone.Build.0 = Release|Any CPU
		{AA76E563-9DC9-41B0-870A-43B4EB29ED75}.Release|iPhone.Deploy.0 = Release|Any CPU
		{AA76E563-9DC9-41B0-870A-43B4EB29ED75}.Release|iPhoneSimulator.ActiveCfg = Release|Any CPU
		{AA76E563-9DC9-41B0-870A-43B4EB29ED75}.Release|iPhoneSimulator.Build.0 = Release|Any CPU
		{AA76E563-9DC9-41B0-870A-43B4EB29ED75}.Release|iPhoneSimulator.Deploy.0 = Release|Any CPU
		{AA76E563-9DC9-41B0-870A-43B4EB29ED75}.Release|x64.ActiveCfg = Release|Any CPU
		{AA76E563-9DC9-41B0-870A-43B4EB29ED75}.Release|x86.ActiveCfg = Release|Any CPU
		{3FE32022-96D6-4F62-A081-96B1E6E82E2B}.Ad-Hoc|Any CPU.ActiveCfg = Release|Any CPU
		{3FE32022-96D6-4F62-A081-96B1E6E82E2B}.Ad-Hoc|Any CPU.Build.0 = Release|Any CPU
		{3FE32022-96D6-4F62-A081-96B1E6E82E2B}.Ad-Hoc|Any CPU.Deploy.0 = Release|Any CPU
		{3FE32022-96D6-4F62-A081-96B1E6E82E2B}.Ad-Hoc|ARM.ActiveCfg = Release|ARM
		{3FE32022-96D6-4F62-A081-96B1E6E82E2B}.Ad-Hoc|ARM.Build.0 = Release|ARM
		{3FE32022-96D6-4F62-A081-96B1E6E82E2B}.Ad-Hoc|ARM.Deploy.0 = Release|ARM
		{3FE32022-96D6-4F62-A081-96B1E6E82E2B}.Ad-Hoc|iPhone.ActiveCfg = Release|Any CPU
		{3FE32022-96D6-4F62-A081-96B1E6E82E2B}.Ad-Hoc|iPhone.Build.0 = Release|Any CPU
		{3FE32022-96D6-4F62-A081-96B1E6E82E2B}.Ad-Hoc|iPhone.Deploy.0 = Release|Any CPU
		{3FE32022-96D6-4F62-A081-96B1E6E82E2B}.Ad-Hoc|iPhoneSimulator.ActiveCfg = Release|Any CPU
		{3FE32022-96D6-4F62-A081-96B1E6E82E2B}.Ad-Hoc|iPhoneSimulator.Build.0 = Release|Any CPU
		{3FE32022-96D6-4F62-A081-96B1E6E82E2B}.Ad-Hoc|iPhoneSimulator.Deploy.0 = Release|Any CPU
		{3FE32022-96D6-4F62-A081-96B1E6E82E2B}.Ad-Hoc|x64.ActiveCfg = Debug|Any CPU
		{3FE32022-96D6-4F62-A081-96B1E6E82E2B}.Ad-Hoc|x64.Build.0 = Debug|Any CPU
		{3FE32022-96D6-4F62-A081-96B1E6E82E2B}.Ad-Hoc|x64.Deploy.0 = Debug|Any CPU
		{3FE32022-96D6-4F62-A081-96B1E6E82E2B}.Ad-Hoc|x86.ActiveCfg = Release|x86
		{3FE32022-96D6-4F62-A081-96B1E6E82E2B}.Ad-Hoc|x86.Build.0 = Release|x86
		{3FE32022-96D6-4F62-A081-96B1E6E82E2B}.Ad-Hoc|x86.Deploy.0 = Release|x86
		{3FE32022-96D6-4F62-A081-96B1E6E82E2B}.AppStore|Any CPU.ActiveCfg = Release|Any CPU
		{3FE32022-96D6-4F62-A081-96B1E6E82E2B}.AppStore|Any CPU.Build.0 = Release|Any CPU
		{3FE32022-96D6-4F62-A081-96B1E6E82E2B}.AppStore|Any CPU.Deploy.0 = Release|Any CPU
		{3FE32022-96D6-4F62-A081-96B1E6E82E2B}.AppStore|ARM.ActiveCfg = Release|ARM
		{3FE32022-96D6-4F62-A081-96B1E6E82E2B}.AppStore|ARM.Build.0 = Release|ARM
		{3FE32022-96D6-4F62-A081-96B1E6E82E2B}.AppStore|ARM.Deploy.0 = Release|ARM
		{3FE32022-96D6-4F62-A081-96B1E6E82E2B}.AppStore|iPhone.ActiveCfg = Release|Any CPU
		{3FE32022-96D6-4F62-A081-96B1E6E82E2B}.AppStore|iPhone.Build.0 = Release|Any CPU
		{3FE32022-96D6-4F62-A081-96B1E6E82E2B}.AppStore|iPhone.Deploy.0 = Release|Any CPU
		{3FE32022-96D6-4F62-A081-96B1E6E82E2B}.AppStore|iPhoneSimulator.ActiveCfg = Release|Any CPU
		{3FE32022-96D6-4F62-A081-96B1E6E82E2B}.AppStore|iPhoneSimulator.Build.0 = Release|Any CPU
		{3FE32022-96D6-4F62-A081-96B1E6E82E2B}.AppStore|iPhoneSimulator.Deploy.0 = Release|Any CPU
		{3FE32022-96D6-4F62-A081-96B1E6E82E2B}.AppStore|x64.ActiveCfg = Debug|Any CPU
		{3FE32022-96D6-4F62-A081-96B1E6E82E2B}.AppStore|x64.Build.0 = Debug|Any CPU
		{3FE32022-96D6-4F62-A081-96B1E6E82E2B}.AppStore|x64.Deploy.0 = Debug|Any CPU
		{3FE32022-96D6-4F62-A081-96B1E6E82E2B}.AppStore|x86.ActiveCfg = Release|x86
		{3FE32022-96D6-4F62-A081-96B1E6E82E2B}.AppStore|x86.Build.0 = Release|x86
		{3FE32022-96D6-4F62-A081-96B1E6E82E2B}.AppStore|x86.Deploy.0 = Release|x86
		{3FE32022-96D6-4F62-A081-96B1E6E82E2B}.Debug|Any CPU.ActiveCfg = Debug|Any CPU
		{3FE32022-96D6-4F62-A081-96B1E6E82E2B}.Debug|Any CPU.Build.0 = Debug|Any CPU
		{3FE32022-96D6-4F62-A081-96B1E6E82E2B}.Debug|Any CPU.Deploy.0 = Debug|Any CPU
		{3FE32022-96D6-4F62-A081-96B1E6E82E2B}.Debug|ARM.ActiveCfg = Debug|ARM
		{3FE32022-96D6-4F62-A081-96B1E6E82E2B}.Debug|ARM.Build.0 = Debug|ARM
		{3FE32022-96D6-4F62-A081-96B1E6E82E2B}.Debug|ARM.Deploy.0 = Debug|ARM
		{3FE32022-96D6-4F62-A081-96B1E6E82E2B}.Debug|iPhone.ActiveCfg = Debug|Any CPU
		{3FE32022-96D6-4F62-A081-96B1E6E82E2B}.Debug|iPhone.Build.0 = Debug|Any CPU
		{3FE32022-96D6-4F62-A081-96B1E6E82E2B}.Debug|iPhone.Deploy.0 = Debug|Any CPU
		{3FE32022-96D6-4F62-A081-96B1E6E82E2B}.Debug|iPhoneSimulator.ActiveCfg = Debug|Any CPU
		{3FE32022-96D6-4F62-A081-96B1E6E82E2B}.Debug|iPhoneSimulator.Build.0 = Debug|Any CPU
		{3FE32022-96D6-4F62-A081-96B1E6E82E2B}.Debug|iPhoneSimulator.Deploy.0 = Debug|Any CPU
		{3FE32022-96D6-4F62-A081-96B1E6E82E2B}.Debug|x64.ActiveCfg = Debug|Any CPU
		{3FE32022-96D6-4F62-A081-96B1E6E82E2B}.Debug|x64.Build.0 = Debug|Any CPU
		{3FE32022-96D6-4F62-A081-96B1E6E82E2B}.Debug|x64.Deploy.0 = Debug|Any CPU
		{3FE32022-96D6-4F62-A081-96B1E6E82E2B}.Debug|x86.ActiveCfg = Debug|Any CPU
		{3FE32022-96D6-4F62-A081-96B1E6E82E2B}.Debug|x86.Build.0 = Debug|Any CPU
		{3FE32022-96D6-4F62-A081-96B1E6E82E2B}.Debug|x86.Deploy.0 = Debug|Any CPU
		{3FE32022-96D6-4F62-A081-96B1E6E82E2B}.Release|Any CPU.ActiveCfg = Release|Any CPU
		{3FE32022-96D6-4F62-A081-96B1E6E82E2B}.Release|Any CPU.Build.0 = Release|Any CPU
		{3FE32022-96D6-4F62-A081-96B1E6E82E2B}.Release|Any CPU.Deploy.0 = Release|Any CPU
		{3FE32022-96D6-4F62-A081-96B1E6E82E2B}.Release|ARM.ActiveCfg = Release|ARM
		{3FE32022-96D6-4F62-A081-96B1E6E82E2B}.Release|iPhone.ActiveCfg = Release|Any CPU
		{3FE32022-96D6-4F62-A081-96B1E6E82E2B}.Release|iPhone.Build.0 = Release|Any CPU
		{3FE32022-96D6-4F62-A081-96B1E6E82E2B}.Release|iPhone.Deploy.0 = Release|Any CPU
		{3FE32022-96D6-4F62-A081-96B1E6E82E2B}.Release|iPhoneSimulator.ActiveCfg = Release|Any CPU
		{3FE32022-96D6-4F62-A081-96B1E6E82E2B}.Release|iPhoneSimulator.Build.0 = Release|Any CPU
		{3FE32022-96D6-4F62-A081-96B1E6E82E2B}.Release|iPhoneSimulator.Deploy.0 = Release|Any CPU
		{3FE32022-96D6-4F62-A081-96B1E6E82E2B}.Release|x64.ActiveCfg = Release|Any CPU
		{3FE32022-96D6-4F62-A081-96B1E6E82E2B}.Release|x86.ActiveCfg = Release|x86
		{B08D854C-EE39-4F89-AB4E-D5322AF4AF28}.Ad-Hoc|Any CPU.ActiveCfg = Release|Any CPU
		{B08D854C-EE39-4F89-AB4E-D5322AF4AF28}.Ad-Hoc|Any CPU.Build.0 = Release|Any CPU
		{B08D854C-EE39-4F89-AB4E-D5322AF4AF28}.Ad-Hoc|Any CPU.Deploy.0 = Release|Any CPU
		{B08D854C-EE39-4F89-AB4E-D5322AF4AF28}.Ad-Hoc|ARM.ActiveCfg = Release|ARM
		{B08D854C-EE39-4F89-AB4E-D5322AF4AF28}.Ad-Hoc|ARM.Build.0 = Release|ARM
		{B08D854C-EE39-4F89-AB4E-D5322AF4AF28}.Ad-Hoc|ARM.Deploy.0 = Release|ARM
		{B08D854C-EE39-4F89-AB4E-D5322AF4AF28}.Ad-Hoc|iPhone.ActiveCfg = Release|Any CPU
		{B08D854C-EE39-4F89-AB4E-D5322AF4AF28}.Ad-Hoc|iPhone.Build.0 = Release|Any CPU
		{B08D854C-EE39-4F89-AB4E-D5322AF4AF28}.Ad-Hoc|iPhone.Deploy.0 = Release|Any CPU
		{B08D854C-EE39-4F89-AB4E-D5322AF4AF28}.Ad-Hoc|iPhoneSimulator.ActiveCfg = Release|Any CPU
		{B08D854C-EE39-4F89-AB4E-D5322AF4AF28}.Ad-Hoc|iPhoneSimulator.Build.0 = Release|Any CPU
		{B08D854C-EE39-4F89-AB4E-D5322AF4AF28}.Ad-Hoc|iPhoneSimulator.Deploy.0 = Release|Any CPU
		{B08D854C-EE39-4F89-AB4E-D5322AF4AF28}.Ad-Hoc|x64.ActiveCfg = Debug|Any CPU
		{B08D854C-EE39-4F89-AB4E-D5322AF4AF28}.Ad-Hoc|x64.Build.0 = Debug|Any CPU
		{B08D854C-EE39-4F89-AB4E-D5322AF4AF28}.Ad-Hoc|x64.Deploy.0 = Debug|Any CPU
		{B08D854C-EE39-4F89-AB4E-D5322AF4AF28}.Ad-Hoc|x86.ActiveCfg = Release|x86
		{B08D854C-EE39-4F89-AB4E-D5322AF4AF28}.Ad-Hoc|x86.Build.0 = Release|x86
		{B08D854C-EE39-4F89-AB4E-D5322AF4AF28}.Ad-Hoc|x86.Deploy.0 = Release|x86
		{B08D854C-EE39-4F89-AB4E-D5322AF4AF28}.AppStore|Any CPU.ActiveCfg = Release|Any CPU
		{B08D854C-EE39-4F89-AB4E-D5322AF4AF28}.AppStore|Any CPU.Build.0 = Release|Any CPU
		{B08D854C-EE39-4F89-AB4E-D5322AF4AF28}.AppStore|Any CPU.Deploy.0 = Release|Any CPU
		{B08D854C-EE39-4F89-AB4E-D5322AF4AF28}.AppStore|ARM.ActiveCfg = Release|ARM
		{B08D854C-EE39-4F89-AB4E-D5322AF4AF28}.AppStore|ARM.Build.0 = Release|ARM
		{B08D854C-EE39-4F89-AB4E-D5322AF4AF28}.AppStore|ARM.Deploy.0 = Release|ARM
		{B08D854C-EE39-4F89-AB4E-D5322AF4AF28}.AppStore|iPhone.ActiveCfg = Release|Any CPU
		{B08D854C-EE39-4F89-AB4E-D5322AF4AF28}.AppStore|iPhone.Build.0 = Release|Any CPU
		{B08D854C-EE39-4F89-AB4E-D5322AF4AF28}.AppStore|iPhone.Deploy.0 = Release|Any CPU
		{B08D854C-EE39-4F89-AB4E-D5322AF4AF28}.AppStore|iPhoneSimulator.ActiveCfg = Release|Any CPU
		{B08D854C-EE39-4F89-AB4E-D5322AF4AF28}.AppStore|iPhoneSimulator.Build.0 = Release|Any CPU
		{B08D854C-EE39-4F89-AB4E-D5322AF4AF28}.AppStore|iPhoneSimulator.Deploy.0 = Release|Any CPU
		{B08D854C-EE39-4F89-AB4E-D5322AF4AF28}.AppStore|x64.ActiveCfg = Debug|Any CPU
		{B08D854C-EE39-4F89-AB4E-D5322AF4AF28}.AppStore|x64.Build.0 = Debug|Any CPU
		{B08D854C-EE39-4F89-AB4E-D5322AF4AF28}.AppStore|x64.Deploy.0 = Debug|Any CPU
		{B08D854C-EE39-4F89-AB4E-D5322AF4AF28}.AppStore|x86.ActiveCfg = Release|x86
		{B08D854C-EE39-4F89-AB4E-D5322AF4AF28}.AppStore|x86.Build.0 = Release|x86
		{B08D854C-EE39-4F89-AB4E-D5322AF4AF28}.AppStore|x86.Deploy.0 = Release|x86
		{B08D854C-EE39-4F89-AB4E-D5322AF4AF28}.Debug|Any CPU.ActiveCfg = Debug|Any CPU
		{B08D854C-EE39-4F89-AB4E-D5322AF4AF28}.Debug|Any CPU.Build.0 = Debug|Any CPU
		{B08D854C-EE39-4F89-AB4E-D5322AF4AF28}.Debug|Any CPU.Deploy.0 = Debug|Any CPU
		{B08D854C-EE39-4F89-AB4E-D5322AF4AF28}.Debug|ARM.ActiveCfg = Debug|ARM
		{B08D854C-EE39-4F89-AB4E-D5322AF4AF28}.Debug|ARM.Build.0 = Debug|ARM
		{B08D854C-EE39-4F89-AB4E-D5322AF4AF28}.Debug|ARM.Deploy.0 = Debug|ARM
		{B08D854C-EE39-4F89-AB4E-D5322AF4AF28}.Debug|iPhone.ActiveCfg = Debug|Any CPU
		{B08D854C-EE39-4F89-AB4E-D5322AF4AF28}.Debug|iPhone.Build.0 = Debug|Any CPU
		{B08D854C-EE39-4F89-AB4E-D5322AF4AF28}.Debug|iPhone.Deploy.0 = Debug|Any CPU
		{B08D854C-EE39-4F89-AB4E-D5322AF4AF28}.Debug|iPhoneSimulator.ActiveCfg = Debug|Any CPU
		{B08D854C-EE39-4F89-AB4E-D5322AF4AF28}.Debug|iPhoneSimulator.Build.0 = Debug|Any CPU
		{B08D854C-EE39-4F89-AB4E-D5322AF4AF28}.Debug|iPhoneSimulator.Deploy.0 = Debug|Any CPU
		{B08D854C-EE39-4F89-AB4E-D5322AF4AF28}.Debug|x64.ActiveCfg = Debug|Any CPU
		{B08D854C-EE39-4F89-AB4E-D5322AF4AF28}.Debug|x64.Build.0 = Debug|Any CPU
		{B08D854C-EE39-4F89-AB4E-D5322AF4AF28}.Debug|x64.Deploy.0 = Debug|Any CPU
		{B08D854C-EE39-4F89-AB4E-D5322AF4AF28}.Debug|x86.ActiveCfg = Debug|Any CPU
		{B08D854C-EE39-4F89-AB4E-D5322AF4AF28}.Debug|x86.Build.0 = Debug|Any CPU
		{B08D854C-EE39-4F89-AB4E-D5322AF4AF28}.Debug|x86.Deploy.0 = Debug|Any CPU
		{B08D854C-EE39-4F89-AB4E-D5322AF4AF28}.Release|Any CPU.ActiveCfg = Release|Any CPU
		{B08D854C-EE39-4F89-AB4E-D5322AF4AF28}.Release|Any CPU.Build.0 = Release|Any CPU
		{B08D854C-EE39-4F89-AB4E-D5322AF4AF28}.Release|Any CPU.Deploy.0 = Release|Any CPU
		{B08D854C-EE39-4F89-AB4E-D5322AF4AF28}.Release|ARM.ActiveCfg = Release|ARM
		{B08D854C-EE39-4F89-AB4E-D5322AF4AF28}.Release|iPhone.ActiveCfg = Release|Any CPU
		{B08D854C-EE39-4F89-AB4E-D5322AF4AF28}.Release|iPhone.Build.0 = Release|Any CPU
		{B08D854C-EE39-4F89-AB4E-D5322AF4AF28}.Release|iPhone.Deploy.0 = Release|Any CPU
		{B08D854C-EE39-4F89-AB4E-D5322AF4AF28}.Release|iPhoneSimulator.ActiveCfg = Release|Any CPU
		{B08D854C-EE39-4F89-AB4E-D5322AF4AF28}.Release|iPhoneSimulator.Build.0 = Release|Any CPU
		{B08D854C-EE39-4F89-AB4E-D5322AF4AF28}.Release|iPhoneSimulator.Deploy.0 = Release|Any CPU
		{B08D854C-EE39-4F89-AB4E-D5322AF4AF28}.Release|x64.ActiveCfg = Release|Any CPU
		{B08D854C-EE39-4F89-AB4E-D5322AF4AF28}.Release|x86.ActiveCfg = Release|x86
		{77E7DF9E-9AA5-448F-BF90-20BAF3AC4282}.Ad-Hoc|Any CPU.ActiveCfg = Release|Any CPU
		{77E7DF9E-9AA5-448F-BF90-20BAF3AC4282}.Ad-Hoc|Any CPU.Build.0 = Release|Any CPU
		{77E7DF9E-9AA5-448F-BF90-20BAF3AC4282}.Ad-Hoc|ARM.ActiveCfg = Release|ARM
		{77E7DF9E-9AA5-448F-BF90-20BAF3AC4282}.Ad-Hoc|ARM.Build.0 = Release|ARM
		{77E7DF9E-9AA5-448F-BF90-20BAF3AC4282}.Ad-Hoc|iPhone.ActiveCfg = Release|Any CPU
		{77E7DF9E-9AA5-448F-BF90-20BAF3AC4282}.Ad-Hoc|iPhone.Build.0 = Release|Any CPU
		{77E7DF9E-9AA5-448F-BF90-20BAF3AC4282}.Ad-Hoc|iPhoneSimulator.ActiveCfg = Release|Any CPU
		{77E7DF9E-9AA5-448F-BF90-20BAF3AC4282}.Ad-Hoc|iPhoneSimulator.Build.0 = Release|Any CPU
		{77E7DF9E-9AA5-448F-BF90-20BAF3AC4282}.Ad-Hoc|x64.ActiveCfg = Release|x64
		{77E7DF9E-9AA5-448F-BF90-20BAF3AC4282}.Ad-Hoc|x64.Build.0 = Release|x64
		{77E7DF9E-9AA5-448F-BF90-20BAF3AC4282}.Ad-Hoc|x86.ActiveCfg = Release|x86
		{77E7DF9E-9AA5-448F-BF90-20BAF3AC4282}.Ad-Hoc|x86.Build.0 = Release|x86
		{77E7DF9E-9AA5-448F-BF90-20BAF3AC4282}.AppStore|Any CPU.ActiveCfg = Release|Any CPU
		{77E7DF9E-9AA5-448F-BF90-20BAF3AC4282}.AppStore|Any CPU.Build.0 = Release|Any CPU
		{77E7DF9E-9AA5-448F-BF90-20BAF3AC4282}.AppStore|ARM.ActiveCfg = Release|ARM
		{77E7DF9E-9AA5-448F-BF90-20BAF3AC4282}.AppStore|ARM.Build.0 = Release|ARM
		{77E7DF9E-9AA5-448F-BF90-20BAF3AC4282}.AppStore|iPhone.ActiveCfg = Release|Any CPU
		{77E7DF9E-9AA5-448F-BF90-20BAF3AC4282}.AppStore|iPhone.Build.0 = Release|Any CPU
		{77E7DF9E-9AA5-448F-BF90-20BAF3AC4282}.AppStore|iPhoneSimulator.ActiveCfg = Release|Any CPU
		{77E7DF9E-9AA5-448F-BF90-20BAF3AC4282}.AppStore|iPhoneSimulator.Build.0 = Release|Any CPU
		{77E7DF9E-9AA5-448F-BF90-20BAF3AC4282}.AppStore|x64.ActiveCfg = Release|x64
		{77E7DF9E-9AA5-448F-BF90-20BAF3AC4282}.AppStore|x64.Build.0 = Release|x64
		{77E7DF9E-9AA5-448F-BF90-20BAF3AC4282}.AppStore|x86.ActiveCfg = Release|x86
		{77E7DF9E-9AA5-448F-BF90-20BAF3AC4282}.AppStore|x86.Build.0 = Release|x86
		{77E7DF9E-9AA5-448F-BF90-20BAF3AC4282}.Debug|Any CPU.ActiveCfg = Debug|Any CPU
		{77E7DF9E-9AA5-448F-BF90-20BAF3AC4282}.Debug|Any CPU.Build.0 = Debug|Any CPU
		{77E7DF9E-9AA5-448F-BF90-20BAF3AC4282}.Debug|ARM.ActiveCfg = Debug|ARM
		{77E7DF9E-9AA5-448F-BF90-20BAF3AC4282}.Debug|ARM.Build.0 = Debug|ARM
		{77E7DF9E-9AA5-448F-BF90-20BAF3AC4282}.Debug|iPhone.ActiveCfg = Debug|Any CPU
		{77E7DF9E-9AA5-448F-BF90-20BAF3AC4282}.Debug|iPhone.Build.0 = Debug|Any CPU
		{77E7DF9E-9AA5-448F-BF90-20BAF3AC4282}.Debug|iPhoneSimulator.ActiveCfg = Debug|Any CPU
		{77E7DF9E-9AA5-448F-BF90-20BAF3AC4282}.Debug|iPhoneSimulator.Build.0 = Debug|Any CPU
		{77E7DF9E-9AA5-448F-BF90-20BAF3AC4282}.Debug|x64.ActiveCfg = Debug|x64
		{77E7DF9E-9AA5-448F-BF90-20BAF3AC4282}.Debug|x64.Build.0 = Debug|x64
		{77E7DF9E-9AA5-448F-BF90-20BAF3AC4282}.Debug|x86.ActiveCfg = Debug|x86
		{77E7DF9E-9AA5-448F-BF90-20BAF3AC4282}.Debug|x86.Build.0 = Debug|x86
		{77E7DF9E-9AA5-448F-BF90-20BAF3AC4282}.Release|Any CPU.ActiveCfg = Release|Any CPU
		{77E7DF9E-9AA5-448F-BF90-20BAF3AC4282}.Release|Any CPU.Build.0 = Release|Any CPU
		{77E7DF9E-9AA5-448F-BF90-20BAF3AC4282}.Release|ARM.ActiveCfg = Release|ARM
		{77E7DF9E-9AA5-448F-BF90-20BAF3AC4282}.Release|ARM.Build.0 = Release|ARM
		{77E7DF9E-9AA5-448F-BF90-20BAF3AC4282}.Release|iPhone.ActiveCfg = Release|Any CPU
		{77E7DF9E-9AA5-448F-BF90-20BAF3AC4282}.Release|iPhone.Build.0 = Release|Any CPU
		{77E7DF9E-9AA5-448F-BF90-20BAF3AC4282}.Release|iPhoneSimulator.ActiveCfg = Release|Any CPU
		{77E7DF9E-9AA5-448F-BF90-20BAF3AC4282}.Release|iPhoneSimulator.Build.0 = Release|Any CPU
		{77E7DF9E-9AA5-448F-BF90-20BAF3AC4282}.Release|x64.ActiveCfg = Release|x64
		{77E7DF9E-9AA5-448F-BF90-20BAF3AC4282}.Release|x64.Build.0 = Release|x64
		{77E7DF9E-9AA5-448F-BF90-20BAF3AC4282}.Release|x86.ActiveCfg = Release|x86
		{77E7DF9E-9AA5-448F-BF90-20BAF3AC4282}.Release|x86.Build.0 = Release|x86
		{7487EB9D-DA1E-413D-A8EF-1262E167A523}.Ad-Hoc|Any CPU.ActiveCfg = Release|Any CPU
		{7487EB9D-DA1E-413D-A8EF-1262E167A523}.Ad-Hoc|Any CPU.Build.0 = Release|Any CPU
		{7487EB9D-DA1E-413D-A8EF-1262E167A523}.Ad-Hoc|Any CPU.Deploy.0 = Release|Any CPU
		{7487EB9D-DA1E-413D-A8EF-1262E167A523}.Ad-Hoc|ARM.ActiveCfg = Release|ARM
		{7487EB9D-DA1E-413D-A8EF-1262E167A523}.Ad-Hoc|ARM.Build.0 = Release|ARM
		{7487EB9D-DA1E-413D-A8EF-1262E167A523}.Ad-Hoc|ARM.Deploy.0 = Release|ARM
		{7487EB9D-DA1E-413D-A8EF-1262E167A523}.Ad-Hoc|iPhone.ActiveCfg = Release|Any CPU
		{7487EB9D-DA1E-413D-A8EF-1262E167A523}.Ad-Hoc|iPhone.Build.0 = Release|Any CPU
		{7487EB9D-DA1E-413D-A8EF-1262E167A523}.Ad-Hoc|iPhone.Deploy.0 = Release|Any CPU
		{7487EB9D-DA1E-413D-A8EF-1262E167A523}.Ad-Hoc|iPhoneSimulator.ActiveCfg = Release|Any CPU
		{7487EB9D-DA1E-413D-A8EF-1262E167A523}.Ad-Hoc|iPhoneSimulator.Build.0 = Release|Any CPU
		{7487EB9D-DA1E-413D-A8EF-1262E167A523}.Ad-Hoc|iPhoneSimulator.Deploy.0 = Release|Any CPU
		{7487EB9D-DA1E-413D-A8EF-1262E167A523}.Ad-Hoc|x64.ActiveCfg = Release|x64
		{7487EB9D-DA1E-413D-A8EF-1262E167A523}.Ad-Hoc|x64.Build.0 = Release|x64
		{7487EB9D-DA1E-413D-A8EF-1262E167A523}.Ad-Hoc|x64.Deploy.0 = Release|x64
		{7487EB9D-DA1E-413D-A8EF-1262E167A523}.Ad-Hoc|x86.ActiveCfg = Release|x86
		{7487EB9D-DA1E-413D-A8EF-1262E167A523}.Ad-Hoc|x86.Build.0 = Release|x86
		{7487EB9D-DA1E-413D-A8EF-1262E167A523}.Ad-Hoc|x86.Deploy.0 = Release|x86
		{7487EB9D-DA1E-413D-A8EF-1262E167A523}.AppStore|Any CPU.ActiveCfg = Release|Any CPU
		{7487EB9D-DA1E-413D-A8EF-1262E167A523}.AppStore|Any CPU.Build.0 = Release|Any CPU
		{7487EB9D-DA1E-413D-A8EF-1262E167A523}.AppStore|Any CPU.Deploy.0 = Release|Any CPU
		{7487EB9D-DA1E-413D-A8EF-1262E167A523}.AppStore|ARM.ActiveCfg = Release|ARM
		{7487EB9D-DA1E-413D-A8EF-1262E167A523}.AppStore|ARM.Build.0 = Release|ARM
		{7487EB9D-DA1E-413D-A8EF-1262E167A523}.AppStore|ARM.Deploy.0 = Release|ARM
		{7487EB9D-DA1E-413D-A8EF-1262E167A523}.AppStore|iPhone.ActiveCfg = Release|Any CPU
		{7487EB9D-DA1E-413D-A8EF-1262E167A523}.AppStore|iPhone.Build.0 = Release|Any CPU
		{7487EB9D-DA1E-413D-A8EF-1262E167A523}.AppStore|iPhone.Deploy.0 = Release|Any CPU
		{7487EB9D-DA1E-413D-A8EF-1262E167A523}.AppStore|iPhoneSimulator.ActiveCfg = Release|Any CPU
		{7487EB9D-DA1E-413D-A8EF-1262E167A523}.AppStore|iPhoneSimulator.Build.0 = Release|Any CPU
		{7487EB9D-DA1E-413D-A8EF-1262E167A523}.AppStore|iPhoneSimulator.Deploy.0 = Release|Any CPU
		{7487EB9D-DA1E-413D-A8EF-1262E167A523}.AppStore|x64.ActiveCfg = Release|x64
		{7487EB9D-DA1E-413D-A8EF-1262E167A523}.AppStore|x64.Build.0 = Release|x64
		{7487EB9D-DA1E-413D-A8EF-1262E167A523}.AppStore|x64.Deploy.0 = Release|x64
		{7487EB9D-DA1E-413D-A8EF-1262E167A523}.AppStore|x86.ActiveCfg = Release|x86
		{7487EB9D-DA1E-413D-A8EF-1262E167A523}.AppStore|x86.Build.0 = Release|x86
		{7487EB9D-DA1E-413D-A8EF-1262E167A523}.AppStore|x86.Deploy.0 = Release|x86
		{7487EB9D-DA1E-413D-A8EF-1262E167A523}.Debug|Any CPU.ActiveCfg = Debug|Any CPU
		{7487EB9D-DA1E-413D-A8EF-1262E167A523}.Debug|Any CPU.Build.0 = Debug|Any CPU
		{7487EB9D-DA1E-413D-A8EF-1262E167A523}.Debug|Any CPU.Deploy.0 = Debug|Any CPU
		{7487EB9D-DA1E-413D-A8EF-1262E167A523}.Debug|ARM.ActiveCfg = Debug|ARM
		{7487EB9D-DA1E-413D-A8EF-1262E167A523}.Debug|ARM.Build.0 = Debug|ARM
		{7487EB9D-DA1E-413D-A8EF-1262E167A523}.Debug|ARM.Deploy.0 = Debug|ARM
		{7487EB9D-DA1E-413D-A8EF-1262E167A523}.Debug|iPhone.ActiveCfg = Debug|Any CPU
		{7487EB9D-DA1E-413D-A8EF-1262E167A523}.Debug|iPhone.Build.0 = Debug|Any CPU
		{7487EB9D-DA1E-413D-A8EF-1262E167A523}.Debug|iPhone.Deploy.0 = Debug|Any CPU
		{7487EB9D-DA1E-413D-A8EF-1262E167A523}.Debug|iPhoneSimulator.ActiveCfg = Debug|Any CPU
		{7487EB9D-DA1E-413D-A8EF-1262E167A523}.Debug|iPhoneSimulator.Build.0 = Debug|Any CPU
		{7487EB9D-DA1E-413D-A8EF-1262E167A523}.Debug|iPhoneSimulator.Deploy.0 = Debug|Any CPU
		{7487EB9D-DA1E-413D-A8EF-1262E167A523}.Debug|x64.ActiveCfg = Debug|x64
		{7487EB9D-DA1E-413D-A8EF-1262E167A523}.Debug|x64.Build.0 = Debug|x64
		{7487EB9D-DA1E-413D-A8EF-1262E167A523}.Debug|x64.Deploy.0 = Debug|x64
		{7487EB9D-DA1E-413D-A8EF-1262E167A523}.Debug|x86.ActiveCfg = Debug|x86
		{7487EB9D-DA1E-413D-A8EF-1262E167A523}.Debug|x86.Build.0 = Debug|x86
		{7487EB9D-DA1E-413D-A8EF-1262E167A523}.Debug|x86.Deploy.0 = Debug|x86
		{7487EB9D-DA1E-413D-A8EF-1262E167A523}.Release|Any CPU.ActiveCfg = Release|Any CPU
		{7487EB9D-DA1E-413D-A8EF-1262E167A523}.Release|Any CPU.Build.0 = Release|Any CPU
		{7487EB9D-DA1E-413D-A8EF-1262E167A523}.Release|Any CPU.Deploy.0 = Release|Any CPU
		{7487EB9D-DA1E-413D-A8EF-1262E167A523}.Release|ARM.ActiveCfg = Release|ARM
		{7487EB9D-DA1E-413D-A8EF-1262E167A523}.Release|iPhone.ActiveCfg = Release|Any CPU
		{7487EB9D-DA1E-413D-A8EF-1262E167A523}.Release|iPhone.Build.0 = Release|Any CPU
		{7487EB9D-DA1E-413D-A8EF-1262E167A523}.Release|iPhone.Deploy.0 = Release|Any CPU
		{7487EB9D-DA1E-413D-A8EF-1262E167A523}.Release|iPhoneSimulator.ActiveCfg = Release|Any CPU
		{7487EB9D-DA1E-413D-A8EF-1262E167A523}.Release|iPhoneSimulator.Build.0 = Release|Any CPU
		{7487EB9D-DA1E-413D-A8EF-1262E167A523}.Release|iPhoneSimulator.Deploy.0 = Release|Any CPU
		{7487EB9D-DA1E-413D-A8EF-1262E167A523}.Release|x64.ActiveCfg = Release|x64
		{7487EB9D-DA1E-413D-A8EF-1262E167A523}.Release|x86.ActiveCfg = Release|x86
		{04E4BB26-6C8E-4AAE-92E4-0EA6F7D1CCD1}.Ad-Hoc|Any CPU.ActiveCfg = Release|Any CPU
		{04E4BB26-6C8E-4AAE-92E4-0EA6F7D1CCD1}.Ad-Hoc|Any CPU.Build.0 = Release|Any CPU
		{04E4BB26-6C8E-4AAE-92E4-0EA6F7D1CCD1}.Ad-Hoc|ARM.ActiveCfg = Release|ARM
		{04E4BB26-6C8E-4AAE-92E4-0EA6F7D1CCD1}.Ad-Hoc|ARM.Build.0 = Release|ARM
		{04E4BB26-6C8E-4AAE-92E4-0EA6F7D1CCD1}.Ad-Hoc|iPhone.ActiveCfg = Release|Any CPU
		{04E4BB26-6C8E-4AAE-92E4-0EA6F7D1CCD1}.Ad-Hoc|iPhone.Build.0 = Release|Any CPU
		{04E4BB26-6C8E-4AAE-92E4-0EA6F7D1CCD1}.Ad-Hoc|iPhoneSimulator.ActiveCfg = Release|Any CPU
		{04E4BB26-6C8E-4AAE-92E4-0EA6F7D1CCD1}.Ad-Hoc|iPhoneSimulator.Build.0 = Release|Any CPU
		{04E4BB26-6C8E-4AAE-92E4-0EA6F7D1CCD1}.Ad-Hoc|x64.ActiveCfg = Release|x64
		{04E4BB26-6C8E-4AAE-92E4-0EA6F7D1CCD1}.Ad-Hoc|x64.Build.0 = Release|x64
		{04E4BB26-6C8E-4AAE-92E4-0EA6F7D1CCD1}.Ad-Hoc|x86.ActiveCfg = Release|x86
		{04E4BB26-6C8E-4AAE-92E4-0EA6F7D1CCD1}.Ad-Hoc|x86.Build.0 = Release|x86
		{04E4BB26-6C8E-4AAE-92E4-0EA6F7D1CCD1}.AppStore|Any CPU.ActiveCfg = Release|Any CPU
		{04E4BB26-6C8E-4AAE-92E4-0EA6F7D1CCD1}.AppStore|Any CPU.Build.0 = Release|Any CPU
		{04E4BB26-6C8E-4AAE-92E4-0EA6F7D1CCD1}.AppStore|ARM.ActiveCfg = Release|ARM
		{04E4BB26-6C8E-4AAE-92E4-0EA6F7D1CCD1}.AppStore|ARM.Build.0 = Release|ARM
		{04E4BB26-6C8E-4AAE-92E4-0EA6F7D1CCD1}.AppStore|iPhone.ActiveCfg = Release|Any CPU
		{04E4BB26-6C8E-4AAE-92E4-0EA6F7D1CCD1}.AppStore|iPhone.Build.0 = Release|Any CPU
		{04E4BB26-6C8E-4AAE-92E4-0EA6F7D1CCD1}.AppStore|iPhoneSimulator.ActiveCfg = Release|Any CPU
		{04E4BB26-6C8E-4AAE-92E4-0EA6F7D1CCD1}.AppStore|iPhoneSimulator.Build.0 = Release|Any CPU
		{04E4BB26-6C8E-4AAE-92E4-0EA6F7D1CCD1}.AppStore|x64.ActiveCfg = Release|x64
		{04E4BB26-6C8E-4AAE-92E4-0EA6F7D1CCD1}.AppStore|x64.Build.0 = Release|x64
		{04E4BB26-6C8E-4AAE-92E4-0EA6F7D1CCD1}.AppStore|x86.ActiveCfg = Release|x86
		{04E4BB26-6C8E-4AAE-92E4-0EA6F7D1CCD1}.AppStore|x86.Build.0 = Release|x86
		{04E4BB26-6C8E-4AAE-92E4-0EA6F7D1CCD1}.Debug|Any CPU.ActiveCfg = Debug|Any CPU
		{04E4BB26-6C8E-4AAE-92E4-0EA6F7D1CCD1}.Debug|Any CPU.Build.0 = Debug|Any CPU
		{04E4BB26-6C8E-4AAE-92E4-0EA6F7D1CCD1}.Debug|ARM.ActiveCfg = Debug|ARM
		{04E4BB26-6C8E-4AAE-92E4-0EA6F7D1CCD1}.Debug|ARM.Build.0 = Debug|ARM
		{04E4BB26-6C8E-4AAE-92E4-0EA6F7D1CCD1}.Debug|iPhone.ActiveCfg = Debug|Any CPU
		{04E4BB26-6C8E-4AAE-92E4-0EA6F7D1CCD1}.Debug|iPhone.Build.0 = Debug|Any CPU
		{04E4BB26-6C8E-4AAE-92E4-0EA6F7D1CCD1}.Debug|iPhoneSimulator.ActiveCfg = Debug|Any CPU
		{04E4BB26-6C8E-4AAE-92E4-0EA6F7D1CCD1}.Debug|iPhoneSimulator.Build.0 = Debug|Any CPU
		{04E4BB26-6C8E-4AAE-92E4-0EA6F7D1CCD1}.Debug|x64.ActiveCfg = Debug|x64
		{04E4BB26-6C8E-4AAE-92E4-0EA6F7D1CCD1}.Debug|x64.Build.0 = Debug|x64
		{04E4BB26-6C8E-4AAE-92E4-0EA6F7D1CCD1}.Debug|x86.ActiveCfg = Debug|Any CPU
		{04E4BB26-6C8E-4AAE-92E4-0EA6F7D1CCD1}.Debug|x86.Build.0 = Debug|Any CPU
		{04E4BB26-6C8E-4AAE-92E4-0EA6F7D1CCD1}.Release|Any CPU.ActiveCfg = Release|Any CPU
		{04E4BB26-6C8E-4AAE-92E4-0EA6F7D1CCD1}.Release|Any CPU.Build.0 = Release|Any CPU
		{04E4BB26-6C8E-4AAE-92E4-0EA6F7D1CCD1}.Release|ARM.ActiveCfg = Release|Any CPU
		{04E4BB26-6C8E-4AAE-92E4-0EA6F7D1CCD1}.Release|iPhone.ActiveCfg = Release|Any CPU
		{04E4BB26-6C8E-4AAE-92E4-0EA6F7D1CCD1}.Release|iPhone.Build.0 = Release|Any CPU
		{04E4BB26-6C8E-4AAE-92E4-0EA6F7D1CCD1}.Release|iPhoneSimulator.ActiveCfg = Release|Any CPU
		{04E4BB26-6C8E-4AAE-92E4-0EA6F7D1CCD1}.Release|iPhoneSimulator.Build.0 = Release|Any CPU
		{04E4BB26-6C8E-4AAE-92E4-0EA6F7D1CCD1}.Release|x64.ActiveCfg = Release|Any CPU
		{04E4BB26-6C8E-4AAE-92E4-0EA6F7D1CCD1}.Release|x64.Build.0 = Release|Any CPU
		{04E4BB26-6C8E-4AAE-92E4-0EA6F7D1CCD1}.Release|x86.ActiveCfg = Release|Any CPU
		{04E4BB26-6C8E-4AAE-92E4-0EA6F7D1CCD1}.Release|x86.Build.0 = Release|Any CPU
		{0CC09DB9-1A0D-465B-9210-B2DDBAE7A4B4}.Ad-Hoc|Any CPU.ActiveCfg = Release|x64
		{0CC09DB9-1A0D-465B-9210-B2DDBAE7A4B4}.Ad-Hoc|Any CPU.Build.0 = Release|x64
		{0CC09DB9-1A0D-465B-9210-B2DDBAE7A4B4}.Ad-Hoc|Any CPU.Deploy.0 = Release|x64
		{0CC09DB9-1A0D-465B-9210-B2DDBAE7A4B4}.Ad-Hoc|ARM.ActiveCfg = Release|ARM
		{0CC09DB9-1A0D-465B-9210-B2DDBAE7A4B4}.Ad-Hoc|ARM.Build.0 = Release|ARM
		{0CC09DB9-1A0D-465B-9210-B2DDBAE7A4B4}.Ad-Hoc|ARM.Deploy.0 = Release|ARM
		{0CC09DB9-1A0D-465B-9210-B2DDBAE7A4B4}.Ad-Hoc|iPhone.ActiveCfg = Release|x64
		{0CC09DB9-1A0D-465B-9210-B2DDBAE7A4B4}.Ad-Hoc|iPhone.Build.0 = Release|x64
		{0CC09DB9-1A0D-465B-9210-B2DDBAE7A4B4}.Ad-Hoc|iPhone.Deploy.0 = Release|x64
		{0CC09DB9-1A0D-465B-9210-B2DDBAE7A4B4}.Ad-Hoc|iPhoneSimulator.ActiveCfg = Release|x64
		{0CC09DB9-1A0D-465B-9210-B2DDBAE7A4B4}.Ad-Hoc|iPhoneSimulator.Build.0 = Release|x64
		{0CC09DB9-1A0D-465B-9210-B2DDBAE7A4B4}.Ad-Hoc|iPhoneSimulator.Deploy.0 = Release|x64
		{0CC09DB9-1A0D-465B-9210-B2DDBAE7A4B4}.Ad-Hoc|x64.ActiveCfg = Release|x64
		{0CC09DB9-1A0D-465B-9210-B2DDBAE7A4B4}.Ad-Hoc|x64.Build.0 = Release|x64
		{0CC09DB9-1A0D-465B-9210-B2DDBAE7A4B4}.Ad-Hoc|x64.Deploy.0 = Release|x64
		{0CC09DB9-1A0D-465B-9210-B2DDBAE7A4B4}.Ad-Hoc|x86.ActiveCfg = Release|x86
		{0CC09DB9-1A0D-465B-9210-B2DDBAE7A4B4}.Ad-Hoc|x86.Build.0 = Release|x86
		{0CC09DB9-1A0D-465B-9210-B2DDBAE7A4B4}.Ad-Hoc|x86.Deploy.0 = Release|x86
		{0CC09DB9-1A0D-465B-9210-B2DDBAE7A4B4}.AppStore|Any CPU.ActiveCfg = Release|x64
		{0CC09DB9-1A0D-465B-9210-B2DDBAE7A4B4}.AppStore|Any CPU.Build.0 = Release|x64
		{0CC09DB9-1A0D-465B-9210-B2DDBAE7A4B4}.AppStore|Any CPU.Deploy.0 = Release|x64
		{0CC09DB9-1A0D-465B-9210-B2DDBAE7A4B4}.AppStore|ARM.ActiveCfg = Release|ARM
		{0CC09DB9-1A0D-465B-9210-B2DDBAE7A4B4}.AppStore|ARM.Build.0 = Release|ARM
		{0CC09DB9-1A0D-465B-9210-B2DDBAE7A4B4}.AppStore|ARM.Deploy.0 = Release|ARM
		{0CC09DB9-1A0D-465B-9210-B2DDBAE7A4B4}.AppStore|iPhone.ActiveCfg = Release|x64
		{0CC09DB9-1A0D-465B-9210-B2DDBAE7A4B4}.AppStore|iPhone.Build.0 = Release|x64
		{0CC09DB9-1A0D-465B-9210-B2DDBAE7A4B4}.AppStore|iPhone.Deploy.0 = Release|x64
		{0CC09DB9-1A0D-465B-9210-B2DDBAE7A4B4}.AppStore|iPhoneSimulator.ActiveCfg = Release|x64
		{0CC09DB9-1A0D-465B-9210-B2DDBAE7A4B4}.AppStore|iPhoneSimulator.Build.0 = Release|x64
		{0CC09DB9-1A0D-465B-9210-B2DDBAE7A4B4}.AppStore|iPhoneSimulator.Deploy.0 = Release|x64
		{0CC09DB9-1A0D-465B-9210-B2DDBAE7A4B4}.AppStore|x64.ActiveCfg = Release|x64
		{0CC09DB9-1A0D-465B-9210-B2DDBAE7A4B4}.AppStore|x64.Build.0 = Release|x64
		{0CC09DB9-1A0D-465B-9210-B2DDBAE7A4B4}.AppStore|x64.Deploy.0 = Release|x64
		{0CC09DB9-1A0D-465B-9210-B2DDBAE7A4B4}.AppStore|x86.ActiveCfg = Release|x86
		{0CC09DB9-1A0D-465B-9210-B2DDBAE7A4B4}.AppStore|x86.Build.0 = Release|x86
		{0CC09DB9-1A0D-465B-9210-B2DDBAE7A4B4}.AppStore|x86.Deploy.0 = Release|x86
		{0CC09DB9-1A0D-465B-9210-B2DDBAE7A4B4}.Debug|Any CPU.ActiveCfg = Debug|x86
		{0CC09DB9-1A0D-465B-9210-B2DDBAE7A4B4}.Debug|Any CPU.Build.0 = Debug|x86
		{0CC09DB9-1A0D-465B-9210-B2DDBAE7A4B4}.Debug|Any CPU.Deploy.0 = Debug|x86
		{0CC09DB9-1A0D-465B-9210-B2DDBAE7A4B4}.Debug|ARM.ActiveCfg = Debug|ARM
		{0CC09DB9-1A0D-465B-9210-B2DDBAE7A4B4}.Debug|ARM.Build.0 = Debug|ARM
		{0CC09DB9-1A0D-465B-9210-B2DDBAE7A4B4}.Debug|ARM.Deploy.0 = Debug|ARM
		{0CC09DB9-1A0D-465B-9210-B2DDBAE7A4B4}.Debug|iPhone.ActiveCfg = Debug|x86
		{0CC09DB9-1A0D-465B-9210-B2DDBAE7A4B4}.Debug|iPhoneSimulator.ActiveCfg = Debug|x86
		{0CC09DB9-1A0D-465B-9210-B2DDBAE7A4B4}.Debug|x64.ActiveCfg = Debug|x64
		{0CC09DB9-1A0D-465B-9210-B2DDBAE7A4B4}.Debug|x64.Build.0 = Debug|x64
		{0CC09DB9-1A0D-465B-9210-B2DDBAE7A4B4}.Debug|x64.Deploy.0 = Debug|x64
		{0CC09DB9-1A0D-465B-9210-B2DDBAE7A4B4}.Debug|x86.ActiveCfg = Debug|x86
		{0CC09DB9-1A0D-465B-9210-B2DDBAE7A4B4}.Debug|x86.Build.0 = Debug|x86
		{0CC09DB9-1A0D-465B-9210-B2DDBAE7A4B4}.Debug|x86.Deploy.0 = Debug|x86
		{0CC09DB9-1A0D-465B-9210-B2DDBAE7A4B4}.Release|Any CPU.ActiveCfg = Release|x86
		{0CC09DB9-1A0D-465B-9210-B2DDBAE7A4B4}.Release|ARM.ActiveCfg = Release|ARM
		{0CC09DB9-1A0D-465B-9210-B2DDBAE7A4B4}.Release|iPhone.ActiveCfg = Release|x86
		{0CC09DB9-1A0D-465B-9210-B2DDBAE7A4B4}.Release|iPhoneSimulator.ActiveCfg = Release|x86
		{0CC09DB9-1A0D-465B-9210-B2DDBAE7A4B4}.Release|x64.ActiveCfg = Release|x64
		{0CC09DB9-1A0D-465B-9210-B2DDBAE7A4B4}.Release|x86.ActiveCfg = Release|x86
	EndGlobalSection
	GlobalSection(SolutionProperties) = preSolution
		HideSolutionNode = FALSE
	EndGlobalSection
EndGlobal
